
Microsoft Visual Studio Solution File, Format Version 12.00
# Visual Studio Version 17
VisualStudioVersion = 17.0.31919.166
MinimumVisualStudioVersion = 10.0.40219.1
Project("{FAE04EC0-301F-11D3-BF4B-00C04F79EFBC}") = "Operadores Comparativos e Logicos", "Operadores Comparativos e Logicos\Operadores Comparativos e Logicos.csproj", "{BDCD66B4-6D74-4371-A5D6-75FA5EF1F222}"
EndProject
Global
	GlobalSection(SolutionConfigurationPlatforms) = preSolution
		Debug|Any CPU = Debug|Any CPU
		Release|Any CPU = Release|Any CPU
	EndGlobalSection
	GlobalSection(ProjectConfigurationPlatforms) = postSolution
		{BDCD66B4-6D74-4371-A5D6-75FA5EF1F222}.Debug|Any CPU.ActiveCfg = Debug|Any CPU
		{BDCD66B4-6D74-4371-A5D6-75FA5EF1F222}.Debug|Any CPU.Build.0 = Debug|Any CPU
		{BDCD66B4-6D74-4371-A5D6-75FA5EF1F222}.Release|Any CPU.ActiveCfg = Release|Any CPU
		{BDCD66B4-6D74-4371-A5D6-75FA5EF1F222}.Release|Any CPU.Build.0 = Release|Any CPU
	EndGlobalSection
	GlobalSection(SolutionProperties) = preSolution
		HideSolutionNode = FALSE
	EndGlobalSection
	GlobalSection(ExtensibilityGlobals) = postSolution
		SolutionGuid = {B69424D4-4679-4DD8-8E84-8C801C0402D9}
	EndGlobalSection
EndGlobal
